
Microsoft Visual Studio Solution File, Format Version 12.00
# Visual Studio Version 17
VisualStudioVersion = 17.0.32126.317
MinimumVisualStudioVersion = 10.0.40219.1
Project("{FAE04EC0-301F-11D3-BF4B-00C04F79EFBC}") = "pesoIdeal", "pesoIdeal\pesoIdeal.csproj", "{CF7D0D00-E94B-4326-9116-E271548E0857}"
EndProject
Global
	GlobalSection(SolutionConfigurationPlatforms) = preSolution
		Debug|Any CPU = Debug|Any CPU
		Release|Any CPU = Release|Any CPU
	EndGlobalSection
	GlobalSection(ProjectConfigurationPlatforms) = postSolution
		{CF7D0D00-E94B-4326-9116-E271548E0857}.Debug|Any CPU.ActiveCfg = Debug|Any CPU
		{CF7D0D00-E94B-4326-9116-E271548E0857}.Debug|Any CPU.Build.0 = Debug|Any CPU
		{CF7D0D00-E94B-4326-9116-E271548E0857}.Release|Any CPU.ActiveCfg = Release|Any CPU
		{CF7D0D00-E94B-4326-9116-E271548E0857}.Release|Any CPU.Build.0 = Release|Any CPU
	EndGlobalSection
	GlobalSection(SolutionProperties) = preSolution
		HideSolutionNode = FALSE
	EndGlobalSection
	GlobalSection(ExtensibilityGlobals) = postSolution
		SolutionGuid = {4082D210-C0D3-4B9D-A5F2-415A8F998048}
	EndGlobalSection
EndGlobal
